
Microsoft Visual Studio Solution File, Format Version 12.00
# Visual Studio Version 17
VisualStudioVersion = 17.14.37216.2 d17.14
MinimumVisualStudioVersion = 10.0.40219.1
Project("{FAE04EC0-301F-11D3-BF4B-00C04F79EFBC}") = "FlightRoutePlanner", "FlightRoutePlanner\FlightRoutePlanner.csproj", "{D59CCF60-242B-4FD5-AD69-F0199AA75121}"
EndProject
Global
	GlobalSection(SolutionConfigurationPlatforms) = preSolution
		Debug|Any CPU = Debug|Any CPU
		Release|Any CPU = Release|Any CPU
	EndGlobalSection
	GlobalSection(ProjectConfigurationPlatforms) = postSolution
		{D59CCF60-242B-4FD5-AD69-F0199AA75121}.Debug|Any CPU.ActiveCfg = Debug|Any CPU
		{D59CCF60-242B-4FD5-AD69-F0199AA75121}.Debug|Any CPU.Build.0 = Debug|Any CPU
		{D59CCF60-242B-4FD5-AD69-F0199AA75121}.Release|Any CPU.ActiveCfg = Release|Any CPU
		{D59CCF60-242B-4FD5-AD69-F0199AA75121}.Release|Any CPU.Build.0 = Release|Any CPU
	EndGlobalSection
	GlobalSection(SolutionProperties) = preSolution
		HideSolutionNode = FALSE
	EndGlobalSection
	GlobalSection(ExtensibilityGlobals) = postSolution
		SolutionGuid = {5DBF6368-B13E-40BE-B031-7A7D8BC9E58F}
	EndGlobalSection
EndGlobal
